
Microsoft Visual Studio Solution File, Format Version 12.00
# Visual Studio Version 17
VisualStudioVersion = 17.11.35303.130
MinimumVisualStudioVersion = 10.0.40219.1
Project("{9A19103F-16F7-4668-BE54-9A1E7A4F7556}") = "Aspire.Notification.AppHost", "Aspire.Notification.AppHost\Aspire.Notification.AppHost.csproj", "{32AF7B1B-854A-4AD4-A7AE-669D1BEFB53D}"
EndProject
Project("{FAE04EC0-301F-11D3-BF4B-00C04F79EFBC}") = "Aspire.Notification.ServiceDefaults", "Aspire.Notification.ServiceDefaults\Aspire.Notification.ServiceDefaults.csproj", "{6A84FD88-4C31-417D-88D0-E854BB15BE5E}"
EndProject
Global
	GlobalSection(SolutionConfigurationPlatforms) = preSolution
		Debug|Any CPU = Debug|Any CPU
		Release|Any CPU = Release|Any CPU
	EndGlobalSection
	GlobalSection(ProjectConfigurationPlatforms) = postSolution
		{32AF7B1B-854A-4AD4-A7AE-669D1BEFB53D}.Debug|Any CPU.ActiveCfg = Debug|Any CPU
		{32AF7B1B-854A-4AD4-A7AE-669D1BEFB53D}.Debug|Any CPU.Build.0 = Debug|Any CPU
		{32AF7B1B-854A-4AD4-A7AE-669D1BEFB53D}.Release|Any CPU.ActiveCfg = Release|Any CPU
		{32AF7B1B-854A-4AD4-A7AE-669D1BEFB53D}.Release|Any CPU.Build.0 = Release|Any CPU
		{6A84FD88-4C31-417D-88D0-E854BB15BE5E}.Debug|Any CPU.ActiveCfg = Debug|Any CPU
		{6A84FD88-4C31-417D-88D0-E854BB15BE5E}.Debug|Any CPU.Build.0 = Debug|Any CPU
		{6A84FD88-4C31-417D-88D0-E854BB15BE5E}.Release|Any CPU.ActiveCfg = Release|Any CPU
		{6A84FD88-4C31-417D-88D0-E854BB15BE5E}.Release|Any CPU.Build.0 = Release|Any CPU
	EndGlobalSection
	GlobalSection(SolutionProperties) = preSolution
		HideSolutionNode = FALSE
	EndGlobalSection
	GlobalSection(ExtensibilityGlobals) = postSolution
		SolutionGuid = {34BAF751-D9B0-4F50-B22F-7729F25C7FE0}
	EndGlobalSection
EndGlobal
